
Microsoft Visual Studio Solution File, Format Version 12.00
# Visual Studio 15
Project("{FAE04EC0-301F-11D3-BF4B-00C04F79EFBC}") = "Laboratorio1GeneradorArchivos", "Laboratorio1GeneradorArchivos\Laboratorio1GeneradorArchivos.csproj", "{E355DF94-4BE4-4575-B410-42B851D555FA}"
EndProject
Global
	GlobalSection(SolutionConfigurationPlatforms) = preSolution
		Debug|anycpu = Debug|anycpu
		Release|anycpu = Release|anycpu
	EndGlobalSection
	GlobalSection(ProjectConfigurationPlatforms) = postSolution
		{E355DF94-4BE4-4575-B410-42B851D555FA}.Debug|anycpu.ActiveCfg = Debug|anycpu
		{E355DF94-4BE4-4575-B410-42B851D555FA}.Debug|anycpu.Build.0 = Debug|anycpu
		{E355DF94-4BE4-4575-B410-42B851D555FA}.Release|anycpu.ActiveCfg = Release|anycpu
		{E355DF94-4BE4-4575-B410-42B851D555FA}.Release|anycpu.Build.0 = Release|anycpu
	EndGlobalSection
EndGlobal
